
Microsoft Visual Studio Solution File, Format Version 12.00
# Visual Studio 15
Project("{FAE04EC0-301F-11D3-BF4B-00C04F79EFBC}") = "Assembly-CSharp", "Assembly-CSharp.csproj", "{FEE9E9A3-0885-7807-4F24-9D95B73D9A92}"
EndProject
Project("{FAE04EC0-301F-11D3-BF4B-00C04F79EFBC}") = "Assembly-CSharp-Editor", "Assembly-CSharp-Editor.csproj", "{F5B4924D-D8FC-AD7E-E94F-B33AC8A37C18}"
EndProject
Global
	GlobalSection(SolutionConfigurationPlatforms) = preSolution
		Debug|Any CPU = Debug|Any CPU
		Release|Any CPU = Release|Any CPU
	EndGlobalSection
	GlobalSection(ProjectConfigurationPlatforms) = postSolution
		{FEE9E9A3-0885-7807-4F24-9D95B73D9A92}.Debug|Any CPU.ActiveCfg = Debug|Any CPU
		{FEE9E9A3-0885-7807-4F24-9D95B73D9A92}.Debug|Any CPU.Build.0 = Debug|Any CPU
		{FEE9E9A3-0885-7807-4F24-9D95B73D9A92}.Release|Any CPU.ActiveCfg = Release|Any CPU
		{FEE9E9A3-0885-7807-4F24-9D95B73D9A92}.Release|Any CPU.Build.0 = Release|Any CPU
		{F5B4924D-D8FC-AD7E-E94F-B33AC8A37C18}.Debug|Any CPU.ActiveCfg = Debug|Any CPU
		{F5B4924D-D8FC-AD7E-E94F-B33AC8A37C18}.Debug|Any CPU.Build.0 = Debug|Any CPU
		{F5B4924D-D8FC-AD7E-E94F-B33AC8A37C18}.Release|Any CPU.ActiveCfg = Release|Any CPU
		{F5B4924D-D8FC-AD7E-E94F-B33AC8A37C18}.Release|Any CPU.Build.0 = Release|Any CPU
	EndGlobalSection
	GlobalSection(SolutionProperties) = preSolution
		HideSolutionNode = FALSE
	EndGlobalSection
EndGlobal
